
Microsoft Visual Studio Solution File, Format Version 12.00
# Visual Studio Version 17
VisualStudioVersion = 17.7.34003.232
MinimumVisualStudioVersion = 10.0.40219.1
Project("{FAE04EC0-301F-11D3-BF4B-00C04F79EFBC}") = "Task_1", "Task_1\Task_1.csproj", "{92D07DAE-1085-4E45-925C-867B3B640122}"
EndProject
Global
	GlobalSection(SolutionConfigurationPlatforms) = preSolution
		Debug|Any CPU = Debug|Any CPU
		Release|Any CPU = Release|Any CPU
	EndGlobalSection
	GlobalSection(ProjectConfigurationPlatforms) = postSolution
		{92D07DAE-1085-4E45-925C-867B3B640122}.Debug|Any CPU.ActiveCfg = Debug|Any CPU
		{92D07DAE-1085-4E45-925C-867B3B640122}.Debug|Any CPU.Build.0 = Debug|Any CPU
		{92D07DAE-1085-4E45-925C-867B3B640122}.Release|Any CPU.ActiveCfg = Release|Any CPU
		{92D07DAE-1085-4E45-925C-867B3B640122}.Release|Any CPU.Build.0 = Release|Any CPU
	EndGlobalSection
	GlobalSection(SolutionProperties) = preSolution
		HideSolutionNode = FALSE
	EndGlobalSection
	GlobalSection(ExtensibilityGlobals) = postSolution
		SolutionGuid = {D08B3FBD-5303-4E1B-9F31-FCC2B2FC84A3}
	EndGlobalSection
EndGlobal
